
Microsoft Visual Studio Solution File, Format Version 12.00
# Visual Studio Version 16
VisualStudioVersion = 16.0.31613.86
MinimumVisualStudioVersion = 10.0.40219.1
Project("{9A19103F-16F7-4668-BE54-9A1E7A4F7556}") = "APICatalogoJogos", "APICatalogoJogos\APICatalogoJogos.csproj", "{00FD082F-693E-48A9-A949-34C01109B430}"
EndProject
Global
	GlobalSection(SolutionConfigurationPlatforms) = preSolution
		Debug|Any CPU = Debug|Any CPU
		Release|Any CPU = Release|Any CPU
	EndGlobalSection
	GlobalSection(ProjectConfigurationPlatforms) = postSolution
		{00FD082F-693E-48A9-A949-34C01109B430}.Debug|Any CPU.ActiveCfg = Debug|Any CPU
		{00FD082F-693E-48A9-A949-34C01109B430}.Debug|Any CPU.Build.0 = Debug|Any CPU
		{00FD082F-693E-48A9-A949-34C01109B430}.Release|Any CPU.ActiveCfg = Release|Any CPU
		{00FD082F-693E-48A9-A949-34C01109B430}.Release|Any CPU.Build.0 = Release|Any CPU
	EndGlobalSection
	GlobalSection(SolutionProperties) = preSolution
		HideSolutionNode = FALSE
	EndGlobalSection
	GlobalSection(ExtensibilityGlobals) = postSolution
		SolutionGuid = {73BFF079-42AF-4183-9B78-59DF78B529D8}
	EndGlobalSection
EndGlobal
